// !$*UTF8*$!
{
	archiveVersion = 1;
	classes = {
	};
	objectVersion = 55;
	objects = {

/* Begin PBXBuildFile section */
		CD5BD5762BA274C500803EE1 /* libraries.m in Sources */ = {isa = PBXBuildFile; fileRef = CD5BD5752BA274C500803EE1 /* libraries.m */; };
		CD5BD5782BA2795900803EE1 /* files.m in Sources */ = {isa = PBXBuildFile; fileRef = CD5BD5772BA2795900803EE1 /* files.m */; };
		CD5BD57A2BA282EE00803EE1 /* shared.m in Sources */ = {isa = PBXBuildFile; fileRef = CD5BD5792BA282EE00803EE1 /* shared.m */; };
		CD80B7F327C8B70500AD7BC1 /* main.m in Sources */ = {isa = PBXBuildFile; fileRef = CD80B7F227C8B70500AD7BC1 /* main.m */; };
/* End PBXBuildFile section */

/* Begin PBXCopyFilesBuildPhase section */
		CD80B7ED27C8B70500AD7BC1 /* CopyFiles */ = {
			isa = PBXCopyFilesBuildPhase;
			buildActionMask = 2147483647;
			dstPath = /usr/share/man/man1/;
			dstSubfolderSpec = 0;
			files = (
			);
			runOnlyForDeploymentPostprocessing = 1;
		};
/* End PBXCopyFilesBuildPhase section */

/* Begin PBXFileReference section */
		CD5BD5752BA274C500803EE1 /* libraries.m */ = {isa = PBXFileReference; lastKnownFileType = sourcecode.c.objc; path = libraries.m; sourceTree = "<group>"; };
		CD5BD5772BA2795900803EE1 /* files.m */ = {isa = PBXFileReference; lastKnownFileType = sourcecode.c.objc; path = files.m; sourceTree = "<group>"; };
		CD5BD5792BA282EE00803EE1 /* shared.m */ = {isa = PBXFileReference; lastKnownFileType = sourcecode.c.objc; path = shared.m; sourceTree = "<group>"; };
		CD5BD57B2BA2831C00803EE1 /* shared.h */ = {isa = PBXFileReference; lastKnownFileType = sourcecode.c.h; path = shared.h; sourceTree = "<group>"; };
		CD80B7EF27C8B70500AD7BC1 /* enumerateProcesses */ = {isa = PBXFileReference; explicitFileType = "compiled.mach-o.executable"; includeInIndex = 0; path = enumerateProcesses; sourceTree = BUILT_PRODUCTS_DIR; };
		CD80B7F227C8B70500AD7BC1 /* main.m */ = {isa = PBXFileReference; lastKnownFileType = sourcecode.c.objc; path = main.m; sourceTree = "<group>"; };
/* End PBXFileReference section */

/* Begin PBXFrameworksBuildPhase section */
		CD80B7EC27C8B70500AD7BC1 /* Frameworks */ = {
			isa = PBXFrameworksBuildPhase;
			buildActionMask = 2147483647;
			files = (
			);
			runOnlyForDeploymentPostprocessing = 0;
		};
/* End PBXFrameworksBuildPhase section */

/* Begin PBXGroup section */
		CD80B7E627C8B70500AD7BC1 = {
			isa = PBXGroup;
			children = (
				CD80B7F027C8B70500AD7BC1 /* Products */,
				CD80B7F127C8B70500AD7BC1 /* enumerateProcesses */,
			);
			sourceTree = "<group>";
		};
		CD80B7F027C8B70500AD7BC1 /* Products */ = {
			isa = PBXGroup;
			children = (
				CD80B7EF27C8B70500AD7BC1 /* enumerateProcesses */,
			);
			name = Products;
			sourceTree = "<group>";
		};
		CD80B7F127C8B70500AD7BC1 /* enumerateProcesses */ = {
			isa = PBXGroup;
			children = (
				CD80B7F227C8B70500AD7BC1 /* main.m */,
				CD5BD5752BA274C500803EE1 /* libraries.m */,
				CD5BD5772BA2795900803EE1 /* files.m */,
				CD5BD5792BA282EE00803EE1 /* shared.m */,
				CD5BD57B2BA2831C00803EE1 /* shared.h */,
			);
			path = enumerateProcesses;
			sourceTree = "<group>";
		};
/* End PBXGroup section */

/* Begin PBXNativeTarget section */
		CD80B7EE27C8B70500AD7BC1 /* enumerateProcesses */ = {
			isa = PBXNativeTarget;
			buildConfigurationList = CD80B7F627C8B70500AD7BC1 /* Build configuration list for PBXNativeTarget "enumerateProcesses" */;
			buildPhases = (
				CD80B7EB27C8B70500AD7BC1 /* Sources */,
				CD80B7EC27C8B70500AD7BC1 /* Frameworks */,
				CD80B7ED27C8B70500AD7BC1 /* CopyFiles */,
			);
			buildRules = (
			);
			dependencies = (
			);
			name = enumerateProcesses;
			productName = enumerateProcs;
			productReference = CD80B7EF27C8B70500AD7BC1 /* enumerateProcesses */;
			productType = "com.apple.product-type.tool";
		};
/* End PBXNativeTarget section */

/* Begin PBXProject section */
		CD80B7E727C8B70500AD7BC1 /* Project object */ = {
			isa = PBXProject;
			attributes = {
				BuildIndependentTargetsInParallel = 1;
				LastUpgradeCheck = 1530;
				TargetAttributes = {
					CD80B7EE27C8B70500AD7BC1 = {
						CreatedOnToolsVersion = 13.2.1;
					};
				};
			};
			buildConfigurationList = CD80B7EA27C8B70500AD7BC1 /* Build configuration list for PBXProject "enumerateProcesses" */;
			compatibilityVersion = "Xcode 13.0";
			developmentRegion = en;
			hasScannedForEncodings = 0;
			knownRegions = (
				en,
				Base,
			);
			mainGroup = CD80B7E627C8B70500AD7BC1;
			productRefGroup = CD80B7F027C8B70500AD7BC1 /* Products */;
			projectDirPath = "";
			projectRoot = "";
			targets = (
				CD80B7EE27C8B70500AD7BC1 /* enumerateProcesses */,
			);
		};
/* End PBXProject section */

/* Begin PBXSourcesBuildPhase section */
		CD80B7EB27C8B70500AD7BC1 /* Sources */ = {
			isa = PBXSourcesBuildPhase;
			buildActionMask = 2147483647;
			files = (
				CD5BD5782BA2795900803EE1 /* files.m in Sources */,
				CD80B7F327C8B70500AD7BC1 /* main.m in Sources */,
				CD5BD57A2BA282EE00803EE1 /* shared.m in Sources */,
				CD5BD5762BA274C500803EE1 /* libraries.m in Sources */,
			);
			runOnlyForDeploymentPostprocessing = 0;
		};
/* End PBXSourcesBuildPhase section */

/* Begin XCBuildConfiguration section */
		CD80B7F427C8B70500AD7BC1 /* Debug */ = {
			isa = XCBuildConfiguration;
			buildSettings = {
				ALWAYS_SEARCH_USER_PATHS = NO;
				CLANG_ANALYZER_NONNULL = YES;
				CLANG_ANALYZER_NUMBER_OBJECT_CONVERSION = YES_AGGRESSIVE;
				CLANG_CXX_LANGUAGE_STANDARD = "gnu++17";
				CLANG_CXX_LIBRARY = "libc++";
				CLANG_ENABLE_MODULES = YES;
				CLANG_ENABLE_OBJC_ARC = YES;
				CLANG_ENABLE_OBJC_WEAK = YES;
				CLANG_WARN_BLOCK_CAPTURE_AUTORELEASING = YES;
				CLANG_WARN_BOOL_CONVERSION = YES;
				CLANG_WARN_COMMA = YES;
				CLANG_WARN_CONSTANT_CONVERSION = YES;
				CLANG_WARN_DEPRECATED_OBJC_IMPLEMENTATIONS = YES;
				CLANG_WARN_DIRECT_OBJC_ISA_USAGE = YES_ERROR;
				CLANG_WARN_DOCUMENTATION_COMMENTS = YES;
				CLANG_WARN_EMPTY_BODY = YES;
				CLANG_WARN_ENUM_CONVERSION = YES;
				CLANG_WARN_INFINITE_RECURSION = YES;
				CLANG_WARN_INT_CONVERSION = YES;
				CLANG_WARN_NON_LITERAL_NULL_CONVERSION = YES;
				CLANG_WARN_OBJC_IMPLICIT_RETAIN_SELF = YES;
				CLANG_WARN_OBJC_LITERAL_CONVERSION = YES;
				CLANG_WARN_OBJC_ROOT_CLASS = YES_ERROR;
				CLANG_WARN_QUOTED_INCLUDE_IN_FRAMEWORK_HEADER = YES;
				CLANG_WARN_RANGE_LOOP_ANALYSIS = YES;
				CLANG_WARN_STRICT_PROTOTYPES = YES;
				CLANG_WARN_SUSPICIOUS_MOVE = YES;
				CLANG_WARN_UNGUARDED_AVAILABILITY = YES_AGGRESSIVE;
				CLANG_WARN_UNREACHABLE_CODE = YES;
				CLANG_WARN__DUPLICATE_METHOD_MATCH = YES;
				COPY_PHASE_STRIP = NO;
				DEAD_CODE_STRIPPING = YES;
				DEBUG_INFORMATION_FORMAT = dwarf;
				ENABLE_STRICT_OBJC_MSGSEND = YES;
				ENABLE_TESTABILITY = YES;
				ENABLE_USER_SCRIPT_SANDBOXING = YES;
				GCC_C_LANGUAGE_STANDARD = gnu11;
				GCC_DYNAMIC_NO_PIC = NO;
				GCC_NO_COMMON_BLOCKS = YES;
				GCC_OPTIMIZATION_LEVEL = 0;
				GCC_PREPROCESSOR_DEFINITIONS = (
					"DEBUG=1",
					"$(inherited)",
				);
				GCC_WARN_64_TO_32_BIT_CONVERSION = YES;
				GCC_WARN_ABOUT_RETURN_TYPE = YES_ERROR;
				GCC_WARN_UNDECLARED_SELECTOR = YES;
				GCC_WARN_UNINITIALIZED_AUTOS = YES_AGGRESSIVE;
				GCC_WARN_UNUSED_FUNCTION = YES;
				GCC_WARN_UNUSED_VARIABLE = YES;
				MACOSX_DEPLOYMENT_TARGET = 12.1;
				MTL_ENABLE_DEBUG_INFO = INCLUDE_SOURCE;
				MTL_FAST_MATH = YES;
				ONLY_ACTIVE_ARCH = YES;
				SDKROOT = macosx;
			};
			name = Debug;
		};
		CD80B7F527C8B70500AD7BC1 /* Release */ = {
			isa = XCBuildConfiguration;
			buildSettings = {
				ALWAYS_SEARCH_USER_PATHS = NO;
				CLANG_ANALYZER_NONNULL = YES;
				CLANG_ANALYZER_NUMBER_OBJECT_CONVERSION = YES_AGGRESSIVE;
				CLANG_CXX_LANGUAGE_STANDARD = "gnu++17";
				CLANG_CXX_LIBRARY = "libc++";
				CLANG_ENABLE_MODULES = YES;
				CLANG_ENABLE_OBJC_ARC = YES;
				CLANG_ENABLE_OBJC_WEAK = YES;
				CLANG_WARN_BLOCK_CAPTURE_AUTORELEASING = YES;
				CLANG_WARN_BOOL_CONVERSION = YES;
				CLANG_WARN_COMMA = YES;
				CLANG_WARN_CONSTANT_CONVERSION = YES;
				CLANG_WARN_DEPRECATED_OBJC_IMPLEMENTATIONS = YES;
				CLANG_WARN_DIRECT_OBJC_ISA_USAGE = YES_ERROR;
				CLANG_WARN_DOCUMENTATION_COMMENTS = YES;
				CLANG_WARN_EMPTY_BODY = YES;
				CLANG_WARN_ENUM_CONVERSION = YES;
				CLANG_WARN_INFINITE_RECURSION = YES;
				CLANG_WARN_INT_CONVERSION = YES;
				CLANG_WARN_NON_LITERAL_NULL_CONVERSION = YES;
				CLANG_WARN_OBJC_IMPLICIT_RETAIN_SELF = YES;
				CLANG_WARN_OBJC_LITERAL_CONVERSION = YES;
				CLANG_WARN_OBJC_ROOT_CLASS = YES_ERROR;
				CLANG_WARN_QUOTED_INCLUDE_IN_FRAMEWORK_HEADER = YES;
				CLANG_WARN_RANGE_LOOP_ANALYSIS = YES;
				CLANG_WARN_STRICT_PROTOTYPES = YES;
				CLANG_WARN_SUSPICIOUS_MOVE = YES;
				CLANG_WARN_UNGUARDED_AVAILABILITY = YES_AGGRESSIVE;
				CLANG_WARN_UNREACHABLE_CODE = YES;
				CLANG_WARN__DUPLICATE_METHOD_MATCH = YES;
				COPY_PHASE_STRIP = NO;
				DEAD_CODE_STRIPPING = YES;
				DEBUG_INFORMATION_FORMAT = "dwarf-with-dsym";
				ENABLE_NS_ASSERTIONS = NO;
				ENABLE_STRICT_OBJC_MSGSEND = YES;
				ENABLE_USER_SCRIPT_SANDBOXING = YES;
				GCC_C_LANGUAGE_STANDARD = gnu11;
				GCC_NO_COMMON_BLOCKS = YES;
				GCC_WARN_64_TO_32_BIT_CONVERSION = YES;
				GCC_WARN_ABOUT_RETURN_TYPE = YES_ERROR;
				GCC_WARN_UNDECLARED_SELECTOR = YES;
				GCC_WARN_UNINITIALIZED_AUTOS = YES_AGGRESSIVE;
				GCC_WARN_UNUSED_FUNCTION = YES;
				GCC_WARN_UNUSED_VARIABLE = YES;
				MACOSX_DEPLOYMENT_TARGET = 12.1;
				MTL_ENABLE_DEBUG_INFO = NO;
				MTL_FAST_MATH = YES;
				SDKROOT = macosx;
			};
			name = Release;
		};
		CD80B7F727C8B70500AD7BC1 /* Debug */ = {
			isa = XCBuildConfiguration;
			buildSettings = {
				CODE_SIGN_STYLE = Automatic;
				DEAD_CODE_STRIPPING = YES;
				GCC_WARN_ABOUT_DEPRECATED_FUNCTIONS = NO;
				MACOSX_DEPLOYMENT_TARGET = 10.13;
				ONLY_ACTIVE_ARCH = NO;
				PRODUCT_NAME = "$(TARGET_NAME)";
			};
			name = Debug;
		};
		CD80B7F827C8B70500AD7BC1 /* Release */ = {
			isa = XCBuildConfiguration;
			buildSettings = {
				CODE_SIGN_STYLE = Automatic;
				DEAD_CODE_STRIPPING = YES;
				GCC_WARN_ABOUT_DEPRECATED_FUNCTIONS = NO;
				MACOSX_DEPLOYMENT_TARGET = 10.13;
				PRODUCT_NAME = "$(TARGET_NAME)";
			};
			name = Release;
		};
/* End XCBuildConfiguration section */

/* Begin XCConfigurationList section */
		CD80B7EA27C8B70500AD7BC1 /* Build configuration list for PBXProject "enumerateProcesses" */ = {
			isa = XCConfigurationList;
			buildConfigurations = (
				CD80B7F427C8B70500AD7BC1 /* Debug */,
				CD80B7F527C8B70500AD7BC1 /* Release */,
			);
			defaultConfigurationIsVisible = 0;
			defaultConfigurationName = Release;
		};
		CD80B7F627C8B70500AD7BC1 /* Build configuration list for PBXNativeTarget "enumerateProcesses" */ = {
			isa = XCConfigurationList;
			buildConfigurations = (
				CD80B7F727C8B70500AD7BC1 /* Debug */,
				CD80B7F827C8B70500AD7BC1 /* Release */,
			);
			defaultConfigurationIsVisible = 0;
			defaultConfigurationName = Release;
		};
/* End XCConfigurationList section */
	};
	rootObject = CD80B7E727C8B70500AD7BC1 /* Project object */;
}
